
Microsoft Visual Studio Solution File, Format Version 12.00
# Visual Studio Version 17
VisualStudioVersion = 17.8.34322.80
MinimumVisualStudioVersion = 10.0.40219.1
Project("{2150E333-8FDC-42A3-9474-1A3956D46DE8}") = "Src", "Src", "{E8D61428-2A15-484A-A4FE-A50E391E48E2}"
EndProject
Project("{2150E333-8FDC-42A3-9474-1A3956D46DE8}") = "Tests", "Tests", "{CEF49FF7-383B-4875-873A-9FC923D6A8F1}"
EndProject
Project("{9A19103F-16F7-4668-BE54-9A1E7A4F7556}") = "MedicalAssist.Application", "MedicalAssist.Application\MedicalAssist.Application.csproj", "{3A6737E2-5B58-4484-86F6-8AFE6168ED4A}"
EndProject
Project("{9A19103F-16F7-4668-BE54-9A1E7A4F7556}") = "MedicalAssist.Domain", "MedicalAssist.Domain\MedicalAssist.Domain.csproj", "{A25C34F1-EAD2-45E7-B966-62A7FC084879}"
EndProject
Project("{9A19103F-16F7-4668-BE54-9A1E7A4F7556}") = "MedicalAssist.Infrastructure", "MedicalAssist.Infrastructure\MedicalAssist.Infrastructure.csproj", "{F3F49421-7F2A-4DC2-9FB2-230A605F7690}"
EndProject
Project("{9A19103F-16F7-4668-BE54-9A1E7A4F7556}") = "MedicalAssist.API", "MedicalAssist.API\MedicalAssist.API.csproj", "{3CF30223-66F1-4081-A2C0-0FDCFC3C63DC}"
EndProject
Project("{2150E333-8FDC-42A3-9474-1A3956D46DE8}") = "Solution Items", "Solution Items", "{68FA01DF-611D-4A6A-8011-66BB457D83BC}"
	ProjectSection(SolutionItems) = preProject
		.editorconfig = .editorconfig
	EndProjectSection
EndProject
Project("{9A19103F-16F7-4668-BE54-9A1E7A4F7556}") = "MedicalAssist.Application.Tests", "MedicalAssist.ApplicationTests\MedicalAssist.Application.Tests.csproj", "{ED48931C-C404-458C-BE7A-7FFC2DED157B}"
EndProject
Project("{9A19103F-16F7-4668-BE54-9A1E7A4F7556}") = "MedicalAssist.Core.Tests", "MedicalAssist.Core.Tests\MedicalAssist.Core.Tests.csproj", "{CE5B205D-4031-4E2C-A07E-8BDB91560FD5}"
EndProject
Project("{2150E333-8FDC-42A3-9474-1A3956D46DE8}") = "Backend", "Backend", "{EC16C102-D533-4BFB-92CB-A68C1D3F8D7F}"
EndProject
Project("{9A19103F-16F7-4668-BE54-9A1E7A4F7556}") = "MedicalAssist.Shared", "MedicalAssist.Shared\MedicalAssist.Shared.csproj", "{FD8C5421-05A8-45FF-971F-8A6B8F872321}"
EndProject
Project("{2150E333-8FDC-42A3-9474-1A3956D46DE8}") = "Frontend", "Frontend", "{C5C4EF1F-31C9-412A-AEED-F447E92BAA99}"
EndProject
Project("{9A19103F-16F7-4668-BE54-9A1E7A4F7556}") = "MedicalAssist.UI", "MedicalAssist.UI\MedicalAssist.UI.csproj", "{A16F1EF5-CB71-403B-91F3-B75AA4619E4B}"
EndProject
Project("{E53339B2-1760-4266-BCC7-CA923CBCF16C}") = "docker-compose", "docker-compose.dcproj", "{D4AC747F-D88E-471D-B081-5DF11E3F78F2}"
EndProject
Global
	GlobalSection(SolutionConfigurationPlatforms) = preSolution
		Debug|Any CPU = Debug|Any CPU
		Release|Any CPU = Release|Any CPU
	EndGlobalSection
	GlobalSection(ProjectConfigurationPlatforms) = postSolution
		{3A6737E2-5B58-4484-86F6-8AFE6168ED4A}.Debug|Any CPU.ActiveCfg = Debug|Any CPU
		{3A6737E2-5B58-4484-86F6-8AFE6168ED4A}.Debug|Any CPU.Build.0 = Debug|Any CPU
		{3A6737E2-5B58-4484-86F6-8AFE6168ED4A}.Release|Any CPU.ActiveCfg = Release|Any CPU
		{3A6737E2-5B58-4484-86F6-8AFE6168ED4A}.Release|Any CPU.Build.0 = Release|Any CPU
		{A25C34F1-EAD2-45E7-B966-62A7FC084879}.Debug|Any CPU.ActiveCfg = Debug|Any CPU
		{A25C34F1-EAD2-45E7-B966-62A7FC084879}.Debug|Any CPU.Build.0 = Debug|Any CPU
		{A25C34F1-EAD2-45E7-B966-62A7FC084879}.Release|Any CPU.ActiveCfg = Release|Any CPU
		{A25C34F1-EAD2-45E7-B966-62A7FC084879}.Release|Any CPU.Build.0 = Release|Any CPU
		{F3F49421-7F2A-4DC2-9FB2-230A605F7690}.Debug|Any CPU.ActiveCfg = Debug|Any CPU
		{F3F49421-7F2A-4DC2-9FB2-230A605F7690}.Debug|Any CPU.Build.0 = Debug|Any CPU
		{F3F49421-7F2A-4DC2-9FB2-230A605F7690}.Release|Any CPU.ActiveCfg = Release|Any CPU
		{F3F49421-7F2A-4DC2-9FB2-230A605F7690}.Release|Any CPU.Build.0 = Release|Any CPU
		{3CF30223-66F1-4081-A2C0-0FDCFC3C63DC}.Debug|Any CPU.ActiveCfg = Debug|Any CPU
		{3CF30223-66F1-4081-A2C0-0FDCFC3C63DC}.Debug|Any CPU.Build.0 = Debug|Any CPU
		{3CF30223-66F1-4081-A2C0-0FDCFC3C63DC}.Release|Any CPU.ActiveCfg = Release|Any CPU
		{3CF30223-66F1-4081-A2C0-0FDCFC3C63DC}.Release|Any CPU.Build.0 = Release|Any CPU
		{ED48931C-C404-458C-BE7A-7FFC2DED157B}.Debug|Any CPU.ActiveCfg = Debug|Any CPU
		{ED48931C-C404-458C-BE7A-7FFC2DED157B}.Debug|Any CPU.Build.0 = Debug|Any CPU
		{ED48931C-C404-458C-BE7A-7FFC2DED157B}.Release|Any CPU.ActiveCfg = Release|Any CPU
		{ED48931C-C404-458C-BE7A-7FFC2DED157B}.Release|Any CPU.Build.0 = Release|Any CPU
		{CE5B205D-4031-4E2C-A07E-8BDB91560FD5}.Debug|Any CPU.ActiveCfg = Debug|Any CPU
		{CE5B205D-4031-4E2C-A07E-8BDB91560FD5}.Debug|Any CPU.Build.0 = Debug|Any CPU
		{CE5B205D-4031-4E2C-A07E-8BDB91560FD5}.Release|Any CPU.ActiveCfg = Release|Any CPU
		{CE5B205D-4031-4E2C-A07E-8BDB91560FD5}.Release|Any CPU.Build.0 = Release|Any CPU
		{FD8C5421-05A8-45FF-971F-8A6B8F872321}.Debug|Any CPU.ActiveCfg = Debug|Any CPU
		{FD8C5421-05A8-45FF-971F-8A6B8F872321}.Debug|Any CPU.Build.0 = Debug|Any CPU
		{FD8C5421-05A8-45FF-971F-8A6B8F872321}.Release|Any CPU.ActiveCfg = Release|Any CPU
		{FD8C5421-05A8-45FF-971F-8A6B8F872321}.Release|Any CPU.Build.0 = Release|Any CPU
		{A16F1EF5-CB71-403B-91F3-B75AA4619E4B}.Debug|Any CPU.ActiveCfg = Debug|Any CPU
		{A16F1EF5-CB71-403B-91F3-B75AA4619E4B}.Debug|Any CPU.Build.0 = Debug|Any CPU
		{A16F1EF5-CB71-403B-91F3-B75AA4619E4B}.Release|Any CPU.ActiveCfg = Release|Any CPU
		{A16F1EF5-CB71-403B-91F3-B75AA4619E4B}.Release|Any CPU.Build.0 = Release|Any CPU
		{D4AC747F-D88E-471D-B081-5DF11E3F78F2}.Debug|Any CPU.ActiveCfg = Debug|Any CPU
		{D4AC747F-D88E-471D-B081-5DF11E3F78F2}.Debug|Any CPU.Build.0 = Debug|Any CPU
		{D4AC747F-D88E-471D-B081-5DF11E3F78F2}.Release|Any CPU.ActiveCfg = Release|Any CPU
		{D4AC747F-D88E-471D-B081-5DF11E3F78F2}.Release|Any CPU.Build.0 = Release|Any CPU
	EndGlobalSection
	GlobalSection(SolutionProperties) = preSolution
		HideSolutionNode = FALSE
	EndGlobalSection
	GlobalSection(NestedProjects) = preSolution
		{3A6737E2-5B58-4484-86F6-8AFE6168ED4A} = {EC16C102-D533-4BFB-92CB-A68C1D3F8D7F}
		{A25C34F1-EAD2-45E7-B966-62A7FC084879} = {EC16C102-D533-4BFB-92CB-A68C1D3F8D7F}
		{F3F49421-7F2A-4DC2-9FB2-230A605F7690} = {EC16C102-D533-4BFB-92CB-A68C1D3F8D7F}
		{3CF30223-66F1-4081-A2C0-0FDCFC3C63DC} = {EC16C102-D533-4BFB-92CB-A68C1D3F8D7F}
		{ED48931C-C404-458C-BE7A-7FFC2DED157B} = {CEF49FF7-383B-4875-873A-9FC923D6A8F1}
		{CE5B205D-4031-4E2C-A07E-8BDB91560FD5} = {CEF49FF7-383B-4875-873A-9FC923D6A8F1}
		{EC16C102-D533-4BFB-92CB-A68C1D3F8D7F} = {E8D61428-2A15-484A-A4FE-A50E391E48E2}
		{FD8C5421-05A8-45FF-971F-8A6B8F872321} = {EC16C102-D533-4BFB-92CB-A68C1D3F8D7F}
		{C5C4EF1F-31C9-412A-AEED-F447E92BAA99} = {E8D61428-2A15-484A-A4FE-A50E391E48E2}
		{A16F1EF5-CB71-403B-91F3-B75AA4619E4B} = {C5C4EF1F-31C9-412A-AEED-F447E92BAA99}
	EndGlobalSection
	GlobalSection(ExtensibilityGlobals) = postSolution
		SolutionGuid = {A23A1DDA-FF26-47F1-8AAE-30C73977E112}
	EndGlobalSection
EndGlobal
